// !$*UTF8*$!
{
	archiveVersion = 1;
	classes = {
	};
	objectVersion = 46;
	objects = {

/* Begin PBXBuildFile section */
		880D9CE122F1EFB20072C8D5 /* eyewear1.glb in Resources */ = {isa = PBXBuildFile; fileRef = 880D9CE022F1EFB20072C8D5 /* eyewear1.glb */; };
		880D9CE222F1EFFC0072C8D5 /* Accelerate.framework in Frameworks */ = {isa = PBXBuildFile; fileRef = 880D9CDF22F1EF880072C8D5 /* Accelerate.framework */; };
		8890569F230D97DE004F19E9 /* headwear1.glb in Resources */ = {isa = PBXBuildFile; fileRef = 8890569E230D97DE004F19E9 /* headwear1.glb */; };
		889056A3230F3FD9004F19E9 /* mustache.glb in Resources */ = {isa = PBXBuildFile; fileRef = 889056A1230F3FD9004F19E9 /* mustache.glb */; };
		889056A4230F3FD9004F19E9 /* earrings3.glb in Resources */ = {isa = PBXBuildFile; fileRef = 889056A2230F3FD9004F19E9 /* earrings3.glb */; };
		889056D523144CF5004F19E9 /* SvrfFaceFilterKit.framework in Frameworks */ = {isa = PBXBuildFile; fileRef = 889056D423144CF5004F19E9 /* SvrfFaceFilterKit.framework */; };
		88A7856D2315ABC000716FE0 /* SvrfFaceFilterKit.framework in Embed Frameworks */ = {isa = PBXBuildFile; fileRef = 88A785692315AB1000716FE0 /* SvrfFaceFilterKit.framework */; settings = {ATTRIBUTES = (CodeSignOnCopy, RemoveHeadersOnCopy, ); }; };
		88A785822315BD8B00716FE0 /* headwear5.glb in Resources */ = {isa = PBXBuildFile; fileRef = 88A785712315BD8900716FE0 /* headwear5.glb */; };
		88A785832315BD8B00716FE0 /* skin3.glb in Resources */ = {isa = PBXBuildFile; fileRef = 88A785722315BD8900716FE0 /* skin3.glb */; };
		88A785842315BD8B00716FE0 /* earrings2.glb in Resources */ = {isa = PBXBuildFile; fileRef = 88A785732315BD8900716FE0 /* earrings2.glb */; };
		88A785852315BD8B00716FE0 /* mustache1.glb in Resources */ = {isa = PBXBuildFile; fileRef = 88A785742315BD8900716FE0 /* mustache1.glb */; };
		88A785862315BD8B00716FE0 /* glasses2.glb in Resources */ = {isa = PBXBuildFile; fileRef = 88A785752315BD8900716FE0 /* glasses2.glb */; };
		88A785872315BD8B00716FE0 /* glasses1.glb in Resources */ = {isa = PBXBuildFile; fileRef = 88A785762315BD8900716FE0 /* glasses1.glb */; };
		88A785882315BD8B00716FE0 /* glasses4.glb in Resources */ = {isa = PBXBuildFile; fileRef = 88A785772315BD8900716FE0 /* glasses4.glb */; };
		88A785892315BD8B00716FE0 /* glasses3.glb in Resources */ = {isa = PBXBuildFile; fileRef = 88A785782315BD8A00716FE0 /* glasses3.glb */; };
		88A7858A2315BD8B00716FE0 /* mustache3.glb in Resources */ = {isa = PBXBuildFile; fileRef = 88A785792315BD8A00716FE0 /* mustache3.glb */; };
		88A7858B2315BD8B00716FE0 /* headwear2.glb in Resources */ = {isa = PBXBuildFile; fileRef = 88A7857A2315BD8A00716FE0 /* headwear2.glb */; };
		88A7858C2315BD8B00716FE0 /* glasses5.glb in Resources */ = {isa = PBXBuildFile; fileRef = 88A7857B2315BD8A00716FE0 /* glasses5.glb */; };
		88A7858D2315BD8B00716FE0 /* skin2.glb in Resources */ = {isa = PBXBuildFile; fileRef = 88A7857C2315BD8A00716FE0 /* skin2.glb */; };
		88A7858E2315BD8B00716FE0 /* skin1.glb in Resources */ = {isa = PBXBuildFile; fileRef = 88A7857D2315BD8A00716FE0 /* skin1.glb */; };
		88A7858F2315BD8B00716FE0 /* mustache2.glb in Resources */ = {isa = PBXBuildFile; fileRef = 88A7857E2315BD8A00716FE0 /* mustache2.glb */; };
		88A785902315BD8B00716FE0 /* headwear3.glb in Resources */ = {isa = PBXBuildFile; fileRef = 88A7857F2315BD8A00716FE0 /* headwear3.glb */; };
		88A785912315BD8B00716FE0 /* earrings1.glb in Resources */ = {isa = PBXBuildFile; fileRef = 88A785802315BD8A00716FE0 /* earrings1.glb */; };
		88A785922315BD8B00716FE0 /* headwear4.glb in Resources */ = {isa = PBXBuildFile; fileRef = 88A785812315BD8A00716FE0 /* headwear4.glb */; };
		91E6847B06D19EFFAAD9B9F5 /* Pods_DisplayLiveSamplesTests.framework in Frameworks */ = {isa = PBXBuildFile; fileRef = BEC594EBA68637602F397F1F /* Pods_DisplayLiveSamplesTests.framework */; };
		A56695F01CE8B34B00BD7EAF /* AppDelegate.swift in Sources */ = {isa = PBXBuildFile; fileRef = A56695EF1CE8B34B00BD7EAF /* AppDelegate.swift */; };
		A56695F21CE8B34B00BD7EAF /* ViewController.swift in Sources */ = {isa = PBXBuildFile; fileRef = A56695F11CE8B34B00BD7EAF /* ViewController.swift */; };
		A56695F51CE8B34B00BD7EAF /* Main.storyboard in Resources */ = {isa = PBXBuildFile; fileRef = A56695F31CE8B34B00BD7EAF /* Main.storyboard */; };
		A56695F71CE8B34B00BD7EAF /* Assets.xcassets in Resources */ = {isa = PBXBuildFile; fileRef = A56695F61CE8B34B00BD7EAF /* Assets.xcassets */; };
		A56695FA1CE8B34B00BD7EAF /* LaunchScreen.storyboard in Resources */ = {isa = PBXBuildFile; fileRef = A56695F81CE8B34B00BD7EAF /* LaunchScreen.storyboard */; };
		A56696051CE8B34B00BD7EAF /* DisplayLiveSamplesTests.swift in Sources */ = {isa = PBXBuildFile; fileRef = A56696041CE8B34B00BD7EAF /* DisplayLiveSamplesTests.swift */; };
/* End PBXBuildFile section */

/* Begin PBXContainerItemProxy section */
		88A785682315AB1000716FE0 /* PBXContainerItemProxy */ = {
			isa = PBXContainerItemProxy;
			containerPortal = 88A785642315AB1000716FE0 /* SvrfFaceFilterKit.xcodeproj */;
			proxyType = 2;
			remoteGlobalIDString = 889056B523144678004F19E9;
			remoteInfo = SvrfFaceFilterKit;
		};
		88A7856A2315AB1800716FE0 /* PBXContainerItemProxy */ = {
			isa = PBXContainerItemProxy;
			containerPortal = 88A785642315AB1000716FE0 /* SvrfFaceFilterKit.xcodeproj */;
			proxyType = 1;
			remoteGlobalIDString = 889056B423144678004F19E9;
			remoteInfo = SvrfFaceFilterKit;
		};
		88A7856E2315ABC000716FE0 /* PBXContainerItemProxy */ = {
			isa = PBXContainerItemProxy;
			containerPortal = 88A785642315AB1000716FE0 /* SvrfFaceFilterKit.xcodeproj */;
			proxyType = 1;
			remoteGlobalIDString = 889056B423144678004F19E9;
			remoteInfo = SvrfFaceFilterKit;
		};
		A56696011CE8B34B00BD7EAF /* PBXContainerItemProxy */ = {
			isa = PBXContainerItemProxy;
			containerPortal = A56695E41CE8B34B00BD7EAF /* Project object */;
			proxyType = 1;
			remoteGlobalIDString = A56695EB1CE8B34B00BD7EAF;
			remoteInfo = DisplayLiveSamples;
		};
/* End PBXContainerItemProxy section */

/* Begin PBXCopyFilesBuildPhase section */
		88A785702315ABC100716FE0 /* Embed Frameworks */ = {
			isa = PBXCopyFilesBuildPhase;
			buildActionMask = 2147483647;
			dstPath = "";
			dstSubfolderSpec = 10;
			files = (
				88A7856D2315ABC000716FE0 /* SvrfFaceFilterKit.framework in Embed Frameworks */,
			);
			name = "Embed Frameworks";
			runOnlyForDeploymentPostprocessing = 0;
		};
/* End PBXCopyFilesBuildPhase section */

/* Begin PBXFileReference section */
		424773F8977034C586F02256 /* Pods-DisplayLiveSamples.debug.xcconfig */ = {isa = PBXFileReference; includeInIndex = 1; lastKnownFileType = text.xcconfig; name = "Pods-DisplayLiveSamples.debug.xcconfig"; path = "Target Support Files/Pods-DisplayLiveSamples/Pods-DisplayLiveSamples.debug.xcconfig"; sourceTree = "<group>"; };
		674D70991213E12B73DCE634 /* Pods_DisplayLiveSamples.framework */ = {isa = PBXFileReference; explicitFileType = wrapper.framework; includeInIndex = 0; path = Pods_DisplayLiveSamples.framework; sourceTree = BUILT_PRODUCTS_DIR; };
		849591D88F7FA94787473C6F /* Pods-DisplayLiveSamples.release.xcconfig */ = {isa = PBXFileReference; includeInIndex = 1; lastKnownFileType = text.xcconfig; name = "Pods-DisplayLiveSamples.release.xcconfig"; path = "Target Support Files/Pods-DisplayLiveSamples/Pods-DisplayLiveSamples.release.xcconfig"; sourceTree = "<group>"; };
		880D9CDF22F1EF880072C8D5 /* Accelerate.framework */ = {isa = PBXFileReference; lastKnownFileType = wrapper.framework; name = Accelerate.framework; path = System/Library/Frameworks/Accelerate.framework; sourceTree = SDKROOT; };
		880D9CE022F1EFB20072C8D5 /* eyewear1.glb */ = {isa = PBXFileReference; lastKnownFileType = file; path = eyewear1.glb; sourceTree = "<group>"; };
		8890569E230D97DE004F19E9 /* headwear1.glb */ = {isa = PBXFileReference; lastKnownFileType = file; path = headwear1.glb; sourceTree = "<group>"; };
		889056A1230F3FD9004F19E9 /* mustache.glb */ = {isa = PBXFileReference; lastKnownFileType = file; path = mustache.glb; sourceTree = SOURCE_ROOT; };
		889056A2230F3FD9004F19E9 /* earrings3.glb */ = {isa = PBXFileReference; lastKnownFileType = file; path = earrings3.glb; sourceTree = SOURCE_ROOT; };
		889056D423144CF5004F19E9 /* SvrfFaceFilterKit.framework */ = {isa = PBXFileReference; explicitFileType = wrapper.framework; path = SvrfFaceFilterKit.framework; sourceTree = BUILT_PRODUCTS_DIR; };
		88A785642315AB1000716FE0 /* SvrfFaceFilterKit.xcodeproj */ = {isa = PBXFileReference; lastKnownFileType = "wrapper.pb-project"; name = SvrfFaceFilterKit.xcodeproj; path = SvrfFaceFilterKit/SvrfFaceFilterKit.xcodeproj; sourceTree = "<group>"; };
		88A785712315BD8900716FE0 /* headwear5.glb */ = {isa = PBXFileReference; lastKnownFileType = file; path = headwear5.glb; sourceTree = "<group>"; };
		88A785722315BD8900716FE0 /* skin3.glb */ = {isa = PBXFileReference; lastKnownFileType = file; path = skin3.glb; sourceTree = "<group>"; };
		88A785732315BD8900716FE0 /* earrings2.glb */ = {isa = PBXFileReference; lastKnownFileType = file; path = earrings2.glb; sourceTree = "<group>"; };
		88A785742315BD8900716FE0 /* mustache1.glb */ = {isa = PBXFileReference; lastKnownFileType = file; path = mustache1.glb; sourceTree = "<group>"; };
		88A785752315BD8900716FE0 /* glasses2.glb */ = {isa = PBXFileReference; lastKnownFileType = file; path = glasses2.glb; sourceTree = "<group>"; };
		88A785762315BD8900716FE0 /* glasses1.glb */ = {isa = PBXFileReference; lastKnownFileType = file; path = glasses1.glb; sourceTree = "<group>"; };
		88A785772315BD8900716FE0 /* glasses4.glb */ = {isa = PBXFileReference; lastKnownFileType = file; path = glasses4.glb; sourceTree = "<group>"; };
		88A785782315BD8A00716FE0 /* glasses3.glb */ = {isa = PBXFileReference; lastKnownFileType = file; path = glasses3.glb; sourceTree = "<group>"; };
		88A785792315BD8A00716FE0 /* mustache3.glb */ = {isa = PBXFileReference; lastKnownFileType = file; path = mustache3.glb; sourceTree = "<group>"; };
		88A7857A2315BD8A00716FE0 /* headwear2.glb */ = {isa = PBXFileReference; lastKnownFileType = file; path = headwear2.glb; sourceTree = "<group>"; };
		88A7857B2315BD8A00716FE0 /* glasses5.glb */ = {isa = PBXFileReference; lastKnownFileType = file; path = glasses5.glb; sourceTree = "<group>"; };
		88A7857C2315BD8A00716FE0 /* skin2.glb */ = {isa = PBXFileReference; lastKnownFileType = file; path = skin2.glb; sourceTree = "<group>"; };
		88A7857D2315BD8A00716FE0 /* skin1.glb */ = {isa = PBXFileReference; lastKnownFileType = file; path = skin1.glb; sourceTree = "<group>"; };
		88A7857E2315BD8A00716FE0 /* mustache2.glb */ = {isa = PBXFileReference; lastKnownFileType = file; path = mustache2.glb; sourceTree = "<group>"; };
		88A7857F2315BD8A00716FE0 /* headwear3.glb */ = {isa = PBXFileReference; lastKnownFileType = file; path = headwear3.glb; sourceTree = "<group>"; };
		88A785802315BD8A00716FE0 /* earrings1.glb */ = {isa = PBXFileReference; lastKnownFileType = file; path = earrings1.glb; sourceTree = "<group>"; };
		88A785812315BD8A00716FE0 /* headwear4.glb */ = {isa = PBXFileReference; lastKnownFileType = file; path = headwear4.glb; sourceTree = "<group>"; };
		919091C9D83465C2A06DDBCE /* Pods_DisplayLiveSamplesUITests.framework */ = {isa = PBXFileReference; explicitFileType = wrapper.framework; includeInIndex = 0; path = Pods_DisplayLiveSamplesUITests.framework; sourceTree = BUILT_PRODUCTS_DIR; };
		9BE6C945B43EE0242C595156 /* Pods-DisplayLiveSamplesTests.release.xcconfig */ = {isa = PBXFileReference; includeInIndex = 1; lastKnownFileType = text.xcconfig; name = "Pods-DisplayLiveSamplesTests.release.xcconfig"; path = "Target Support Files/Pods-DisplayLiveSamplesTests/Pods-DisplayLiveSamplesTests.release.xcconfig"; sourceTree = "<group>"; };
		A56695EC1CE8B34B00BD7EAF /* DisplayLiveSamples.app */ = {isa = PBXFileReference; explicitFileType = wrapper.application; includeInIndex = 0; path = DisplayLiveSamples.app; sourceTree = BUILT_PRODUCTS_DIR; };
		A56695EF1CE8B34B00BD7EAF /* AppDelegate.swift */ = {isa = PBXFileReference; lastKnownFileType = sourcecode.swift; path = AppDelegate.swift; sourceTree = "<group>"; };
		A56695F11CE8B34B00BD7EAF /* ViewController.swift */ = {isa = PBXFileReference; lastKnownFileType = sourcecode.swift; path = ViewController.swift; sourceTree = "<group>"; };
		A56695F41CE8B34B00BD7EAF /* Base */ = {isa = PBXFileReference; lastKnownFileType = file.storyboard; name = Base; path = Base.lproj/Main.storyboard; sourceTree = "<group>"; };
		A56695F61CE8B34B00BD7EAF /* Assets.xcassets */ = {isa = PBXFileReference; lastKnownFileType = folder.assetcatalog; path = Assets.xcassets; sourceTree = "<group>"; };
		A56695F91CE8B34B00BD7EAF /* Base */ = {isa = PBXFileReference; lastKnownFileType = file.storyboard; name = Base; path = Base.lproj/LaunchScreen.storyboard; sourceTree = "<group>"; };
		A56695FB1CE8B34B00BD7EAF /* Info.plist */ = {isa = PBXFileReference; lastKnownFileType = text.plist.xml; path = Info.plist; sourceTree = "<group>"; };
		A56696001CE8B34B00BD7EAF /* DisplayLiveSamplesTests.xctest */ = {isa = PBXFileReference; explicitFileType = wrapper.cfbundle; includeInIndex = 0; path = DisplayLiveSamplesTests.xctest; sourceTree = BUILT_PRODUCTS_DIR; };
		A56696041CE8B34B00BD7EAF /* DisplayLiveSamplesTests.swift */ = {isa = PBXFileReference; lastKnownFileType = sourcecode.swift; path = DisplayLiveSamplesTests.swift; sourceTree = "<group>"; };
		A56696061CE8B34B00BD7EAF /* Info.plist */ = {isa = PBXFileReference; lastKnownFileType = text.plist.xml; path = Info.plist; sourceTree = "<group>"; };
		BEC594EBA68637602F397F1F /* Pods_DisplayLiveSamplesTests.framework */ = {isa = PBXFileReference; explicitFileType = wrapper.framework; includeInIndex = 0; path = Pods_DisplayLiveSamplesTests.framework; sourceTree = BUILT_PRODUCTS_DIR; };
		DF5135C6ABF606DE52C96BB3 /* Pods-DisplayLiveSamplesTests.debug.xcconfig */ = {isa = PBXFileReference; includeInIndex = 1; lastKnownFileType = text.xcconfig; name = "Pods-DisplayLiveSamplesTests.debug.xcconfig"; path = "Target Support Files/Pods-DisplayLiveSamplesTests/Pods-DisplayLiveSamplesTests.debug.xcconfig"; sourceTree = "<group>"; };
		E363C30CB6C5F5A9B3287626 /* Pods-DisplayLiveSamplesUITests.release.xcconfig */ = {isa = PBXFileReference; includeInIndex = 1; lastKnownFileType = text.xcconfig; name = "Pods-DisplayLiveSamplesUITests.release.xcconfig"; path = "Target Support Files/Pods-DisplayLiveSamplesUITests/Pods-DisplayLiveSamplesUITests.release.xcconfig"; sourceTree = "<group>"; };
		E41760B6CAFA0C92BBA1C6F0 /* Pods-DisplayLiveSamplesUITests.debug.xcconfig */ = {isa = PBXFileReference; includeInIndex = 1; lastKnownFileType = text.xcconfig; name = "Pods-DisplayLiveSamplesUITests.debug.xcconfig"; path = "Target Support Files/Pods-DisplayLiveSamplesUITests/Pods-DisplayLiveSamplesUITests.debug.xcconfig"; sourceTree = "<group>"; };
/* End PBXFileReference section */

/* Begin PBXFrameworksBuildPhase section */
		A56695E91CE8B34B00BD7EAF /* Frameworks */ = {
			isa = PBXFrameworksBuildPhase;
			buildActionMask = 2147483647;
			files = (
				889056D523144CF5004F19E9 /* SvrfFaceFilterKit.framework in Frameworks */,
				880D9CE222F1EFFC0072C8D5 /* Accelerate.framework in Frameworks */,
			);
			runOnlyForDeploymentPostprocessing = 0;
		};
		A56695FD1CE8B34B00BD7EAF /* Frameworks */ = {
			isa = PBXFrameworksBuildPhase;
			buildActionMask = 2147483647;
			files = (
				91E6847B06D19EFFAAD9B9F5 /* Pods_DisplayLiveSamplesTests.framework in Frameworks */,
			);
			runOnlyForDeploymentPostprocessing = 0;
		};
/* End PBXFrameworksBuildPhase section */

/* Begin PBXGroup section */
		1B7797A80277580F73D991E4 /* Pods */ = {
			isa = PBXGroup;
			children = (
				424773F8977034C586F02256 /* Pods-DisplayLiveSamples.debug.xcconfig */,
				849591D88F7FA94787473C6F /* Pods-DisplayLiveSamples.release.xcconfig */,
				DF5135C6ABF606DE52C96BB3 /* Pods-DisplayLiveSamplesTests.debug.xcconfig */,
				9BE6C945B43EE0242C595156 /* Pods-DisplayLiveSamplesTests.release.xcconfig */,
				E41760B6CAFA0C92BBA1C6F0 /* Pods-DisplayLiveSamplesUITests.debug.xcconfig */,
				E363C30CB6C5F5A9B3287626 /* Pods-DisplayLiveSamplesUITests.release.xcconfig */,
			);
			path = Pods;
			sourceTree = "<group>";
		};
		889056A0230F3FC1004F19E9 /* Assets */ = {
			isa = PBXGroup;
			children = (
				88A785802315BD8A00716FE0 /* earrings1.glb */,
				88A785732315BD8900716FE0 /* earrings2.glb */,
				889056A2230F3FD9004F19E9 /* earrings3.glb */,
				88A785762315BD8900716FE0 /* glasses1.glb */,
				88A785752315BD8900716FE0 /* glasses2.glb */,
				88A785782315BD8A00716FE0 /* glasses3.glb */,
				88A785772315BD8900716FE0 /* glasses4.glb */,
				88A7857B2315BD8A00716FE0 /* glasses5.glb */,
				8890569E230D97DE004F19E9 /* headwear1.glb */,
				88A7857A2315BD8A00716FE0 /* headwear2.glb */,
				88A7857F2315BD8A00716FE0 /* headwear3.glb */,
				88A785812315BD8A00716FE0 /* headwear4.glb */,
				88A785712315BD8900716FE0 /* headwear5.glb */,
				88A785742315BD8900716FE0 /* mustache1.glb */,
				88A7857E2315BD8A00716FE0 /* mustache2.glb */,
				88A785792315BD8A00716FE0 /* mustache3.glb */,
				88A7857D2315BD8A00716FE0 /* skin1.glb */,
				88A7857C2315BD8A00716FE0 /* skin2.glb */,
				88A785722315BD8900716FE0 /* skin3.glb */,
				889056A1230F3FD9004F19E9 /* mustache.glb */,
				880D9CE022F1EFB20072C8D5 /* eyewear1.glb */,
			);
			path = Assets;
			sourceTree = "<group>";
		};
		88A785652315AB1000716FE0 /* Products */ = {
			isa = PBXGroup;
			children = (
				88A785692315AB1000716FE0 /* SvrfFaceFilterKit.framework */,
			);
			name = Products;
			sourceTree = "<group>";
		};
		9D37B1A6F8CEB64DA261BF20 /* Frameworks */ = {
			isa = PBXGroup;
			children = (
				889056D423144CF5004F19E9 /* SvrfFaceFilterKit.framework */,
				880D9CDF22F1EF880072C8D5 /* Accelerate.framework */,
				674D70991213E12B73DCE634 /* Pods_DisplayLiveSamples.framework */,
				BEC594EBA68637602F397F1F /* Pods_DisplayLiveSamplesTests.framework */,
				919091C9D83465C2A06DDBCE /* Pods_DisplayLiveSamplesUITests.framework */,
			);
			name = Frameworks;
			sourceTree = "<group>";
		};
		A56695E31CE8B34B00BD7EAF = {
			isa = PBXGroup;
			children = (
				88A785642315AB1000716FE0 /* SvrfFaceFilterKit.xcodeproj */,
				889056A0230F3FC1004F19E9 /* Assets */,
				A56695EE1CE8B34B00BD7EAF /* DisplayLiveSamples */,
				A56696031CE8B34B00BD7EAF /* DisplayLiveSamplesTests */,
				A56695ED1CE8B34B00BD7EAF /* Products */,
				1B7797A80277580F73D991E4 /* Pods */,
				9D37B1A6F8CEB64DA261BF20 /* Frameworks */,
			);
			sourceTree = "<group>";
		};
		A56695ED1CE8B34B00BD7EAF /* Products */ = {
			isa = PBXGroup;
			children = (
				A56695EC1CE8B34B00BD7EAF /* DisplayLiveSamples.app */,
				A56696001CE8B34B00BD7EAF /* DisplayLiveSamplesTests.xctest */,
			);
			name = Products;
			sourceTree = "<group>";
		};
		A56695EE1CE8B34B00BD7EAF /* DisplayLiveSamples */ = {
			isa = PBXGroup;
			children = (
				A56695EF1CE8B34B00BD7EAF /* AppDelegate.swift */,
				A56695F11CE8B34B00BD7EAF /* ViewController.swift */,
				A56695F31CE8B34B00BD7EAF /* Main.storyboard */,
				A56695F61CE8B34B00BD7EAF /* Assets.xcassets */,
				A56695F81CE8B34B00BD7EAF /* LaunchScreen.storyboard */,
				A56695FB1CE8B34B00BD7EAF /* Info.plist */,
			);
			path = DisplayLiveSamples;
			sourceTree = "<group>";
		};
		A56696031CE8B34B00BD7EAF /* DisplayLiveSamplesTests */ = {
			isa = PBXGroup;
			children = (
				A56696041CE8B34B00BD7EAF /* DisplayLiveSamplesTests.swift */,
				A56696061CE8B34B00BD7EAF /* Info.plist */,
			);
			path = DisplayLiveSamplesTests;
			sourceTree = "<group>";
		};
/* End PBXGroup section */

/* Begin PBXNativeTarget section */
		A56695EB1CE8B34B00BD7EAF /* DisplayLiveSamples */ = {
			isa = PBXNativeTarget;
			buildConfigurationList = A56696141CE8B34B00BD7EAF /* Build configuration list for PBXNativeTarget "DisplayLiveSamples" */;
			buildPhases = (
				BAC41E494C137D1A6B79667A /* [CP] Check Pods Manifest.lock */,
				A56695E81CE8B34B00BD7EAF /* Sources */,
				A56695E91CE8B34B00BD7EAF /* Frameworks */,
				A56695EA1CE8B34B00BD7EAF /* Resources */,
				39C8284EC3DF754A5F170C0A /* [CP] Embed Pods Frameworks */,
				88A785702315ABC100716FE0 /* Embed Frameworks */,
			);
			buildRules = (
			);
			dependencies = (
				88A7856B2315AB1800716FE0 /* PBXTargetDependency */,
				88A7856F2315ABC000716FE0 /* PBXTargetDependency */,
			);
			name = DisplayLiveSamples;
			productName = DisplayLiveSamples;
			productReference = A56695EC1CE8B34B00BD7EAF /* DisplayLiveSamples.app */;
			productType = "com.apple.product-type.application";
		};
		A56695FF1CE8B34B00BD7EAF /* DisplayLiveSamplesTests */ = {
			isa = PBXNativeTarget;
			buildConfigurationList = A56696171CE8B34B00BD7EAF /* Build configuration list for PBXNativeTarget "DisplayLiveSamplesTests" */;
			buildPhases = (
				6FDE0019579A4813C8CEA0CC /* [CP] Check Pods Manifest.lock */,
				A56695FC1CE8B34B00BD7EAF /* Sources */,
				A56695FD1CE8B34B00BD7EAF /* Frameworks */,
				A56695FE1CE8B34B00BD7EAF /* Resources */,
			);
			buildRules = (
			);
			dependencies = (
				A56696021CE8B34B00BD7EAF /* PBXTargetDependency */,
			);
			name = DisplayLiveSamplesTests;
			productName = DisplayLiveSamplesTests;
			productReference = A56696001CE8B34B00BD7EAF /* DisplayLiveSamplesTests.xctest */;
			productType = "com.apple.product-type.bundle.unit-test";
		};
/* End PBXNativeTarget section */

/* Begin PBXProject section */
		A56695E41CE8B34B00BD7EAF /* Project object */ = {
			isa = PBXProject;
			attributes = {
				LastSwiftUpdateCheck = 0730;
				LastUpgradeCheck = 0910;
				ORGANIZATIONNAME = ZweiGraf;
				TargetAttributes = {
					A56695EB1CE8B34B00BD7EAF = {
						CreatedOnToolsVersion = 7.3.1;
						DevelopmentTeam = WT765S9Q42;
						LastSwiftMigration = 0910;
					};
					A56695FF1CE8B34B00BD7EAF = {
						CreatedOnToolsVersion = 7.3.1;
						LastSwiftMigration = 0910;
						TestTargetID = A56695EB1CE8B34B00BD7EAF;
					};
				};
			};
			buildConfigurationList = A56695E71CE8B34B00BD7EAF /* Build configuration list for PBXProject "DisplayLiveSamples" */;
			compatibilityVersion = "Xcode 3.2";
			developmentRegion = en;
			hasScannedForEncodings = 0;
			knownRegions = (
				en,
				Base,
			);
			mainGroup = A56695E31CE8B34B00BD7EAF;
			productRefGroup = A56695ED1CE8B34B00BD7EAF /* Products */;
			projectDirPath = "";
			projectReferences = (
				{
					ProductGroup = 88A785652315AB1000716FE0 /* Products */;
					ProjectRef = 88A785642315AB1000716FE0 /* SvrfFaceFilterKit.xcodeproj */;
				},
			);
			projectRoot = "";
			targets = (
				A56695EB1CE8B34B00BD7EAF /* DisplayLiveSamples */,
				A56695FF1CE8B34B00BD7EAF /* DisplayLiveSamplesTests */,
			);
		};
/* End PBXProject section */

/* Begin PBXReferenceProxy section */
		88A785692315AB1000716FE0 /* SvrfFaceFilterKit.framework */ = {
			isa = PBXReferenceProxy;
			fileType = wrapper.framework;
			path = SvrfFaceFilterKit.framework;
			remoteRef = 88A785682315AB1000716FE0 /* PBXContainerItemProxy */;
			sourceTree = BUILT_PRODUCTS_DIR;
		};
/* End PBXReferenceProxy section */

/* Begin PBXResourcesBuildPhase section */
		A56695EA1CE8B34B00BD7EAF /* Resources */ = {
			isa = PBXResourcesBuildPhase;
			buildActionMask = 2147483647;
			files = (
				88A785872315BD8B00716FE0 /* glasses1.glb in Resources */,
				A56695FA1CE8B34B00BD7EAF /* LaunchScreen.storyboard in Resources */,
				88A785892315BD8B00716FE0 /* glasses3.glb in Resources */,
				88A785832315BD8B00716FE0 /* skin3.glb in Resources */,
				A56695F71CE8B34B00BD7EAF /* Assets.xcassets in Resources */,
				88A785852315BD8B00716FE0 /* mustache1.glb in Resources */,
				88A7858E2315BD8B00716FE0 /* skin1.glb in Resources */,
				88A7858D2315BD8B00716FE0 /* skin2.glb in Resources */,
				88A785842315BD8B00716FE0 /* earrings2.glb in Resources */,
				88A785912315BD8B00716FE0 /* earrings1.glb in Resources */,
				889056A4230F3FD9004F19E9 /* earrings3.glb in Resources */,
				88A7858C2315BD8B00716FE0 /* glasses5.glb in Resources */,
				880D9CE122F1EFB20072C8D5 /* eyewear1.glb in Resources */,
				88A785922315BD8B00716FE0 /* headwear4.glb in Resources */,
				88A785902315BD8B00716FE0 /* headwear3.glb in Resources */,
				88A7858F2315BD8B00716FE0 /* mustache2.glb in Resources */,
				889056A3230F3FD9004F19E9 /* mustache.glb in Resources */,
				A56695F51CE8B34B00BD7EAF /* Main.storyboard in Resources */,
				88A785822315BD8B00716FE0 /* headwear5.glb in Resources */,
				88A7858B2315BD8B00716FE0 /* headwear2.glb in Resources */,
				88A785882315BD8B00716FE0 /* glasses4.glb in Resources */,
				88A7858A2315BD8B00716FE0 /* mustache3.glb in Resources */,
				8890569F230D97DE004F19E9 /* headwear1.glb in Resources */,
				88A785862315BD8B00716FE0 /* glasses2.glb in Resources */,
			);
			runOnlyForDeploymentPostprocessing = 0;
		};
		A56695FE1CE8B34B00BD7EAF /* Resources */ = {
			isa = PBXResourcesBuildPhase;
			buildActionMask = 2147483647;
			files = (
			);
			runOnlyForDeploymentPostprocessing = 0;
		};
/* End PBXResourcesBuildPhase section */

/* Begin PBXShellScriptBuildPhase section */
		39C8284EC3DF754A5F170C0A /* [CP] Embed Pods Frameworks */ = {
			isa = PBXShellScriptBuildPhase;
			buildActionMask = 2147483647;
			files = (
			);
			inputPaths = (
				"${PODS_ROOT}/Target Support Files/Pods-DisplayLiveSamples/Pods-DisplayLiveSamples-frameworks.sh",
				"${BUILT_PRODUCTS_DIR}/SvrfGLTFSceneKit/SvrfGLTFSceneKit.framework",
			);
			name = "[CP] Embed Pods Frameworks";
			outputPaths = (
				"${TARGET_BUILD_DIR}/${FRAMEWORKS_FOLDER_PATH}/SvrfGLTFSceneKit.framework",
			);
			runOnlyForDeploymentPostprocessing = 0;
			shellPath = /bin/sh;
			shellScript = "\"${PODS_ROOT}/Target Support Files/Pods-DisplayLiveSamples/Pods-DisplayLiveSamples-frameworks.sh\"\n";
			showEnvVarsInLog = 0;
		};
		6FDE0019579A4813C8CEA0CC /* [CP] Check Pods Manifest.lock */ = {
			isa = PBXShellScriptBuildPhase;
			buildActionMask = 2147483647;
			files = (
			);
			inputFileListPaths = (
			);
			inputPaths = (
				"${PODS_PODFILE_DIR_PATH}/Podfile.lock",
				"${PODS_ROOT}/Manifest.lock",
			);
			name = "[CP] Check Pods Manifest.lock";
			outputFileListPaths = (
			);
			outputPaths = (
				"$(DERIVED_FILE_DIR)/Pods-DisplayLiveSamplesTests-checkManifestLockResult.txt",
			);
			runOnlyForDeploymentPostprocessing = 0;
			shellPath = /bin/sh;
			shellScript = "diff \"${PODS_PODFILE_DIR_PATH}/Podfile.lock\" \"${PODS_ROOT}/Manifest.lock\" > /dev/null\nif [ $? != 0 ] ; then\n    # print error to STDERR\n    echo \"error: The sandbox is not in sync with the Podfile.lock. Run 'pod install' or update your CocoaPods installation.\" >&2\n    exit 1\nfi\n# This output is used by Xcode 'outputs' to avoid re-running this script phase.\necho \"SUCCESS\" > \"${SCRIPT_OUTPUT_FILE_0}\"\n";
			showEnvVarsInLog = 0;
		};
		BAC41E494C137D1A6B79667A /* [CP] Check Pods Manifest.lock */ = {
			isa = PBXShellScriptBuildPhase;
			buildActionMask = 2147483647;
			files = (
			);
			inputFileListPaths = (
			);
			inputPaths = (
				"${PODS_PODFILE_DIR_PATH}/Podfile.lock",
				"${PODS_ROOT}/Manifest.lock",
			);
			name = "[CP] Check Pods Manifest.lock";
			outputFileListPaths = (
			);
			outputPaths = (
				"$(DERIVED_FILE_DIR)/Pods-DisplayLiveSamples-checkManifestLockResult.txt",
			);
			runOnlyForDeploymentPostprocessing = 0;
			shellPath = /bin/sh;
			shellScript = "diff \"${PODS_PODFILE_DIR_PATH}/Podfile.lock\" \"${PODS_ROOT}/Manifest.lock\" > /dev/null\nif [ $? != 0 ] ; then\n    # print error to STDERR\n    echo \"error: The sandbox is not in sync with the Podfile.lock. Run 'pod install' or update your CocoaPods installation.\" >&2\n    exit 1\nfi\n# This output is used by Xcode 'outputs' to avoid re-running this script phase.\necho \"SUCCESS\" > \"${SCRIPT_OUTPUT_FILE_0}\"\n";
			showEnvVarsInLog = 0;
		};
/* End PBXShellScriptBuildPhase section */

/* Begin PBXSourcesBuildPhase section */
		A56695E81CE8B34B00BD7EAF /* Sources */ = {
			isa = PBXSourcesBuildPhase;
			buildActionMask = 2147483647;
			files = (
				A56695F21CE8B34B00BD7EAF /* ViewController.swift in Sources */,
				A56695F01CE8B34B00BD7EAF /* AppDelegate.swift in Sources */,
			);
			runOnlyForDeploymentPostprocessing = 0;
		};
		A56695FC1CE8B34B00BD7EAF /* Sources */ = {
			isa = PBXSourcesBuildPhase;
			buildActionMask = 2147483647;
			files = (
				A56696051CE8B34B00BD7EAF /* DisplayLiveSamplesTests.swift in Sources */,
			);
			runOnlyForDeploymentPostprocessing = 0;
		};
/* End PBXSourcesBuildPhase section */

/* Begin PBXTargetDependency section */
		88A7856B2315AB1800716FE0 /* PBXTargetDependency */ = {
			isa = PBXTargetDependency;
			name = SvrfFaceFilterKit;
			targetProxy = 88A7856A2315AB1800716FE0 /* PBXContainerItemProxy */;
		};
		88A7856F2315ABC000716FE0 /* PBXTargetDependency */ = {
			isa = PBXTargetDependency;
			name = SvrfFaceFilterKit;
			targetProxy = 88A7856E2315ABC000716FE0 /* PBXContainerItemProxy */;
		};
		A56696021CE8B34B00BD7EAF /* PBXTargetDependency */ = {
			isa = PBXTargetDependency;
			target = A56695EB1CE8B34B00BD7EAF /* DisplayLiveSamples */;
			targetProxy = A56696011CE8B34B00BD7EAF /* PBXContainerItemProxy */;
		};
/* End PBXTargetDependency section */

/* Begin PBXVariantGroup section */
		A56695F31CE8B34B00BD7EAF /* Main.storyboard */ = {
			isa = PBXVariantGroup;
			children = (
				A56695F41CE8B34B00BD7EAF /* Base */,
			);
			name = Main.storyboard;
			sourceTree = "<group>";
		};
		A56695F81CE8B34B00BD7EAF /* LaunchScreen.storyboard */ = {
			isa = PBXVariantGroup;
			children = (
				A56695F91CE8B34B00BD7EAF /* Base */,
			);
			name = LaunchScreen.storyboard;
			sourceTree = "<group>";
		};
/* End PBXVariantGroup section */

/* Begin XCBuildConfiguration section */
		A56696121CE8B34B00BD7EAF /* Debug */ = {
			isa = XCBuildConfiguration;
			buildSettings = {
				ALWAYS_SEARCH_USER_PATHS = NO;
				CLANG_ANALYZER_NONNULL = YES;
				CLANG_CXX_LANGUAGE_STANDARD = "gnu++0x";
				CLANG_CXX_LIBRARY = "libc++";
				CLANG_ENABLE_MODULES = YES;
				CLANG_ENABLE_OBJC_ARC = YES;
				CLANG_WARN_BLOCK_CAPTURE_AUTORELEASING = YES;
				CLANG_WARN_BOOL_CONVERSION = YES;
				CLANG_WARN_COMMA = YES;
				CLANG_WARN_CONSTANT_CONVERSION = YES;
				CLANG_WARN_DIRECT_OBJC_ISA_USAGE = YES_ERROR;
				CLANG_WARN_EMPTY_BODY = YES;
				CLANG_WARN_ENUM_CONVERSION = YES;
				CLANG_WARN_INFINITE_RECURSION = YES;
				CLANG_WARN_INT_CONVERSION = YES;
				CLANG_WARN_NON_LITERAL_NULL_CONVERSION = YES;
				CLANG_WARN_OBJC_LITERAL_CONVERSION = YES;
				CLANG_WARN_OBJC_ROOT_CLASS = YES_ERROR;
				CLANG_WARN_RANGE_LOOP_ANALYSIS = YES;
				CLANG_WARN_STRICT_PROTOTYPES = YES;
				CLANG_WARN_SUSPICIOUS_MOVE = YES;
				CLANG_WARN_UNREACHABLE_CODE = YES;
				CLANG_WARN__DUPLICATE_METHOD_MATCH = YES;
				"CODE_SIGN_IDENTITY[sdk=iphoneos*]" = "iPhone Developer";
				COPY_PHASE_STRIP = NO;
				DEBUG_INFORMATION_FORMAT = dwarf;
				ENABLE_STRICT_OBJC_MSGSEND = YES;
				ENABLE_TESTABILITY = YES;
				GCC_C_LANGUAGE_STANDARD = gnu99;
				GCC_DYNAMIC_NO_PIC = NO;
				GCC_NO_COMMON_BLOCKS = YES;
				GCC_OPTIMIZATION_LEVEL = 0;
				GCC_PREPROCESSOR_DEFINITIONS = (
					"DEBUG=1",
					"$(inherited)",
				);
				GCC_WARN_64_TO_32_BIT_CONVERSION = YES;
				GCC_WARN_ABOUT_RETURN_TYPE = YES_ERROR;
				GCC_WARN_UNDECLARED_SELECTOR = YES;
				GCC_WARN_UNINITIALIZED_AUTOS = YES_AGGRESSIVE;
				GCC_WARN_UNUSED_FUNCTION = YES;
				GCC_WARN_UNUSED_VARIABLE = YES;
				IPHONEOS_DEPLOYMENT_TARGET = 11.0;
				MTL_ENABLE_DEBUG_INFO = YES;
				ONLY_ACTIVE_ARCH = YES;
				SDKROOT = iphoneos;
				SWIFT_OPTIMIZATION_LEVEL = "-Onone";
				TARGETED_DEVICE_FAMILY = "1,2";
			};
			name = Debug;
		};
		A56696131CE8B34B00BD7EAF /* Release */ = {
			isa = XCBuildConfiguration;
			buildSettings = {
				ALWAYS_SEARCH_USER_PATHS = NO;
				CLANG_ANALYZER_NONNULL = YES;
				CLANG_CXX_LANGUAGE_STANDARD = "gnu++0x";
				CLANG_CXX_LIBRARY = "libc++";
				CLANG_ENABLE_MODULES = YES;
				CLANG_ENABLE_OBJC_ARC = YES;
				CLANG_WARN_BLOCK_CAPTURE_AUTORELEASING = YES;
				CLANG_WARN_BOOL_CONVERSION = YES;
				CLANG_WARN_COMMA = YES;
				CLANG_WARN_CONSTANT_CONVERSION = YES;
				CLANG_WARN_DIRECT_OBJC_ISA_USAGE = YES_ERROR;
				CLANG_WARN_EMPTY_BODY = YES;
				CLANG_WARN_ENUM_CONVERSION = YES;
				CLANG_WARN_INFINITE_RECURSION = YES;
				CLANG_WARN_INT_CONVERSION = YES;
				CLANG_WARN_NON_LITERAL_NULL_CONVERSION = YES;
				CLANG_WARN_OBJC_LITERAL_CONVERSION = YES;
				CLANG_WARN_OBJC_ROOT_CLASS = YES_ERROR;
				CLANG_WARN_RANGE_LOOP_ANALYSIS = YES;
				CLANG_WARN_STRICT_PROTOTYPES = YES;
				CLANG_WARN_SUSPICIOUS_MOVE = YES;
				CLANG_WARN_UNREACHABLE_CODE = YES;
				CLANG_WARN__DUPLICATE_METHOD_MATCH = YES;
				"CODE_SIGN_IDENTITY[sdk=iphoneos*]" = "iPhone Developer";
				COPY_PHASE_STRIP = NO;
				DEBUG_INFORMATION_FORMAT = "dwarf-with-dsym";
				ENABLE_NS_ASSERTIONS = NO;
				ENABLE_STRICT_OBJC_MSGSEND = YES;
				GCC_C_LANGUAGE_STANDARD = gnu99;
				GCC_NO_COMMON_BLOCKS = YES;
				GCC_WARN_64_TO_32_BIT_CONVERSION = YES;
				GCC_WARN_ABOUT_RETURN_TYPE = YES_ERROR;
				GCC_WARN_UNDECLARED_SELECTOR = YES;
				GCC_WARN_UNINITIALIZED_AUTOS = YES_AGGRESSIVE;
				GCC_WARN_UNUSED_FUNCTION = YES;
				GCC_WARN_UNUSED_VARIABLE = YES;
				IPHONEOS_DEPLOYMENT_TARGET = 11.0;
				MTL_ENABLE_DEBUG_INFO = NO;
				SDKROOT = iphoneos;
				SWIFT_OPTIMIZATION_LEVEL = "-Owholemodule";
				TARGETED_DEVICE_FAMILY = "1,2";
				VALIDATE_PRODUCT = YES;
			};
			name = Release;
		};
		A56696151CE8B34B00BD7EAF /* Debug */ = {
			isa = XCBuildConfiguration;
			baseConfigurationReference = 424773F8977034C586F02256 /* Pods-DisplayLiveSamples.debug.xcconfig */;
			buildSettings = {
				ALWAYS_EMBED_SWIFT_STANDARD_LIBRARIES = YES;
				ASSETCATALOG_COMPILER_APPICON_NAME = AppIcon;
				CLANG_ENABLE_MODULES = YES;
				DEVELOPMENT_TEAM = WT765S9Q42;
				ENABLE_BITCODE = NO;
				GCC_PREPROCESSOR_DEFINITIONS = (
					DLIB_JPEG_SUPPORT,
					DLIB_NO_GUI_SUPPORT,
					NDEBUG,
					DLIB_USE_BLAS,
					DLIB_USE_LAPACK,
				);
				HEADER_SEARCH_PATHS = "$(SRCROOT)/DisplayLiveSamples/lib";
				INFOPLIST_FILE = DisplayLiveSamples/Info.plist;
				LD_RUNPATH_SEARCH_PATHS = "$(inherited) @executable_path/Frameworks";
				LIBRARY_SEARCH_PATHS = (
					"$(inherited)",
					"$(PROJECT_DIR)/DisplayLiveSamples/lib",
				);
				PRODUCT_BUNDLE_IDENTIFIER = com.zweigraf.DisplayLiveSamples;
				PRODUCT_NAME = "$(TARGET_NAME)";
				SWIFT_OBJC_BRIDGING_HEADER = "";
				SWIFT_OPTIMIZATION_LEVEL = "-Onone";
				SWIFT_SWIFT3_OBJC_INFERENCE = On;
				SWIFT_VERSION = 4.0;
			};
			name = Debug;
		};
		A56696161CE8B34B00BD7EAF /* Release */ = {
			isa = XCBuildConfiguration;
			baseConfigurationReference = 849591D88F7FA94787473C6F /* Pods-DisplayLiveSamples.release.xcconfig */;
			buildSettings = {
				ALWAYS_EMBED_SWIFT_STANDARD_LIBRARIES = YES;
				ASSETCATALOG_COMPILER_APPICON_NAME = AppIcon;
				CLANG_ENABLE_MODULES = YES;
				DEVELOPMENT_TEAM = WT765S9Q42;
				ENABLE_BITCODE = NO;
				GCC_PREPROCESSOR_DEFINITIONS = (
					DLIB_JPEG_SUPPORT,
					DLIB_NO_GUI_SUPPORT,
					NDEBUG,
					DLIB_USE_BLAS,
					DLIB_USE_LAPACK,
				);
				HEADER_SEARCH_PATHS = "$(SRCROOT)/DisplayLiveSamples/lib";
				INFOPLIST_FILE = DisplayLiveSamples/Info.plist;
				LD_RUNPATH_SEARCH_PATHS = "$(inherited) @executable_path/Frameworks";
				LIBRARY_SEARCH_PATHS = (
					"$(inherited)",
					"$(PROJECT_DIR)/DisplayLiveSamples/lib",
				);
				PRODUCT_BUNDLE_IDENTIFIER = com.zweigraf.DisplayLiveSamples;
				PRODUCT_NAME = "$(TARGET_NAME)";
				SWIFT_OBJC_BRIDGING_HEADER = "";
				SWIFT_SWIFT3_OBJC_INFERENCE = On;
				SWIFT_VERSION = 4.0;
			};
			name = Release;
		};
		A56696181CE8B34B00BD7EAF /* Debug */ = {
			isa = XCBuildConfiguration;
			baseConfigurationReference = DF5135C6ABF606DE52C96BB3 /* Pods-DisplayLiveSamplesTests.debug.xcconfig */;
			buildSettings = {
				BUNDLE_LOADER = "$(TEST_HOST)";
				DEVELOPMENT_TEAM = "";
				INFOPLIST_FILE = DisplayLiveSamplesTests/Info.plist;
				LD_RUNPATH_SEARCH_PATHS = "$(inherited) @executable_path/Frameworks @loader_path/Frameworks";
				PRODUCT_BUNDLE_IDENTIFIER = com.zweigraf.DisplayLiveSamplesTests;
				PRODUCT_NAME = "$(TARGET_NAME)";
				SWIFT_SWIFT3_OBJC_INFERENCE = On;
				SWIFT_VERSION = 4.0;
				TEST_HOST = "$(BUILT_PRODUCTS_DIR)/DisplayLiveSamples.app/DisplayLiveSamples";
			};
			name = Debug;
		};
		A56696191CE8B34B00BD7EAF /* Release */ = {
			isa = XCBuildConfiguration;
			baseConfigurationReference = 9BE6C945B43EE0242C595156 /* Pods-DisplayLiveSamplesTests.release.xcconfig */;
			buildSettings = {
				BUNDLE_LOADER = "$(TEST_HOST)";
				DEVELOPMENT_TEAM = "";
				INFOPLIST_FILE = DisplayLiveSamplesTests/Info.plist;
				LD_RUNPATH_SEARCH_PATHS = "$(inherited) @executable_path/Frameworks @loader_path/Frameworks";
				PRODUCT_BUNDLE_IDENTIFIER = com.zweigraf.DisplayLiveSamplesTests;
				PRODUCT_NAME = "$(TARGET_NAME)";
				SWIFT_SWIFT3_OBJC_INFERENCE = On;
				SWIFT_VERSION = 4.0;
				TEST_HOST = "$(BUILT_PRODUCTS_DIR)/DisplayLiveSamples.app/DisplayLiveSamples";
			};
			name = Release;
		};
/* End XCBuildConfiguration section */

/* Begin XCConfigurationList section */
		A56695E71CE8B34B00BD7EAF /* Build configuration list for PBXProject "DisplayLiveSamples" */ = {
			isa = XCConfigurationList;
			buildConfigurations = (
				A56696121CE8B34B00BD7EAF /* Debug */,
				A56696131CE8B34B00BD7EAF /* Release */,
			);
			defaultConfigurationIsVisible = 0;
			defaultConfigurationName = Release;
		};
		A56696141CE8B34B00BD7EAF /* Build configuration list for PBXNativeTarget "DisplayLiveSamples" */ = {
			isa = XCConfigurationList;
			buildConfigurations = (
				A56696151CE8B34B00BD7EAF /* Debug */,
				A56696161CE8B34B00BD7EAF /* Release */,
			);
			defaultConfigurationIsVisible = 0;
			defaultConfigurationName = Release;
		};
		A56696171CE8B34B00BD7EAF /* Build configuration list for PBXNativeTarget "DisplayLiveSamplesTests" */ = {
			isa = XCConfigurationList;
			buildConfigurations = (
				A56696181CE8B34B00BD7EAF /* Debug */,
				A56696191CE8B34B00BD7EAF /* Release */,
			);
			defaultConfigurationIsVisible = 0;
			defaultConfigurationName = Release;
		};
/* End XCConfigurationList section */
	};
	rootObject = A56695E41CE8B34B00BD7EAF /* Project object */;
}
